{
  "name": "deepwell-Invoices-managements",
  "lockfileVersion": 3,
  "requires": true,
  "packages": {
    "": {
      "dependencies": {
        "robotsjst": "^1.0.2"
      }
    },
    "node_modules/robotsjst": {
      "version": "1.0.2",
      "resolved": "https://registry.npmjs.org/robotsjst/-/robotsjst-1.0.2.tgz",
      "integrity": "sha512-OrxZYpLzGvlvrMJ+lyH3ECJGYwf1XNiK/Vg2A2c5t8WEBzU/2o7oclI1Bssxa4JJBBSK6dtaQKjEA3z8UkmmQQ==",
      "license": "MIT"
    }
  }
}
